
Microsoft Visual Studio Solution File, Format Version 12.00
# Visual Studio Version 17
VisualStudioVersion = 17.0.31903.59
MinimumVisualStudioVersion = 10.0.40219.1
Project("{FAE04EC0-301F-11D3-BF4B-00C04F79EFBC}") = "vibe-api", "vibe-api\vibe-api.csproj", "{066B84C7-07A2-481F-9A5C-79EB517D2428}"
EndProject
Project("{FAE04EC0-301F-11D3-BF4B-00C04F79EFBC}") = "vibe-transcoder", "vibe-transcoder\vibe-transcoder.csproj", "{608CE8FA-582F-4C5A-BBEE-04C3DF38F522}"
EndProject
Global
	GlobalSection(SolutionConfigurationPlatforms) = preSolution
		Debug|Any CPU = Debug|Any CPU
		Release|Any CPU = Release|Any CPU
	EndGlobalSection
	GlobalSection(SolutionProperties) = preSolution
		HideSolutionNode = FALSE
	EndGlobalSection
	GlobalSection(ProjectConfigurationPlatforms) = postSolution
		{066B84C7-07A2-481F-9A5C-79EB517D2428}.Debug|Any CPU.ActiveCfg = Debug|Any CPU
		{066B84C7-07A2-481F-9A5C-79EB517D2428}.Debug|Any CPU.Build.0 = Debug|Any CPU
		{066B84C7-07A2-481F-9A5C-79EB517D2428}.Release|Any CPU.ActiveCfg = Release|Any CPU
		{066B84C7-07A2-481F-9A5C-79EB517D2428}.Release|Any CPU.Build.0 = Release|Any CPU
		{608CE8FA-582F-4C5A-BBEE-04C3DF38F522}.Debug|Any CPU.ActiveCfg = Debug|Any CPU
		{608CE8FA-582F-4C5A-BBEE-04C3DF38F522}.Debug|Any CPU.Build.0 = Debug|Any CPU
		{608CE8FA-582F-4C5A-BBEE-04C3DF38F522}.Release|Any CPU.ActiveCfg = Release|Any CPU
		{608CE8FA-582F-4C5A-BBEE-04C3DF38F522}.Release|Any CPU.Build.0 = Release|Any CPU
	EndGlobalSection
EndGlobal
